
Microsoft Visual Studio Solution File, Format Version 12.00
# Visual Studio 15
VisualStudioVersion = 15.0.26430.16
MinimumVisualStudioVersion = 10.0.40219.1
Project("{FAE04EC0-301F-11D3-BF4B-00C04F79EFBC}") = "Loogn.OrmLite", "Loogn.OrmLite\Loogn.OrmLite.csproj", "{3FBB8792-9DAD-430E-A91B-C3A8789D443B}"
EndProject
Project("{FAE04EC0-301F-11D3-BF4B-00C04F79EFBC}") = "PerformanceTesting", "PerformanceTesting\PerformanceTesting.csproj", "{43AC4ED8-95B3-4ECA-95BD-D342E12296DF}"
EndProject
Project("{FAE04EC0-301F-11D3-BF4B-00C04F79EFBC}") = "Loogn.OrmLite.MySql", "Loogn.OrmLite.MySql\Loogn.OrmLite.MySql.csproj", "{9F79DC4F-EA50-4508-B09C-D690633761A1}"
EndProject
Project("{FAE04EC0-301F-11D3-BF4B-00C04F79EFBC}") = "Loogn.OrmLite.Sqlite", "Loogn.OrmLite.Sqlite\Loogn.OrmLite.Sqlite.csproj", "{7A205021-799C-4CAC-AE09-D3BA4A8A4763}"
EndProject
Global
	GlobalSection(SolutionConfigurationPlatforms) = preSolution
		Debug|Any CPU = Debug|Any CPU
		Release|Any CPU = Release|Any CPU
	EndGlobalSection
	GlobalSection(ProjectConfigurationPlatforms) = postSolution
		{3FBB8792-9DAD-430E-A91B-C3A8789D443B}.Debug|Any CPU.ActiveCfg = Debug|Any CPU
		{3FBB8792-9DAD-430E-A91B-C3A8789D443B}.Debug|Any CPU.Build.0 = Debug|Any CPU
		{3FBB8792-9DAD-430E-A91B-C3A8789D443B}.Release|Any CPU.ActiveCfg = Release|Any CPU
		{3FBB8792-9DAD-430E-A91B-C3A8789D443B}.Release|Any CPU.Build.0 = Release|Any CPU
		{43AC4ED8-95B3-4ECA-95BD-D342E12296DF}.Debug|Any CPU.ActiveCfg = Debug|Any CPU
		{43AC4ED8-95B3-4ECA-95BD-D342E12296DF}.Debug|Any CPU.Build.0 = Debug|Any CPU
		{43AC4ED8-95B3-4ECA-95BD-D342E12296DF}.Release|Any CPU.ActiveCfg = Release|Any CPU
		{43AC4ED8-95B3-4ECA-95BD-D342E12296DF}.Release|Any CPU.Build.0 = Release|Any CPU
		{9F79DC4F-EA50-4508-B09C-D690633761A1}.Debug|Any CPU.ActiveCfg = Debug|Any CPU
		{9F79DC4F-EA50-4508-B09C-D690633761A1}.Debug|Any CPU.Build.0 = Debug|Any CPU
		{9F79DC4F-EA50-4508-B09C-D690633761A1}.Release|Any CPU.ActiveCfg = Release|Any CPU
		{9F79DC4F-EA50-4508-B09C-D690633761A1}.Release|Any CPU.Build.0 = Release|Any CPU
		{7A205021-799C-4CAC-AE09-D3BA4A8A4763}.Debug|Any CPU.ActiveCfg = Debug|Any CPU
		{7A205021-799C-4CAC-AE09-D3BA4A8A4763}.Debug|Any CPU.Build.0 = Debug|Any CPU
		{7A205021-799C-4CAC-AE09-D3BA4A8A4763}.Release|Any CPU.ActiveCfg = Release|Any CPU
		{7A205021-799C-4CAC-AE09-D3BA4A8A4763}.Release|Any CPU.Build.0 = Release|Any CPU
	EndGlobalSection
	GlobalSection(SolutionProperties) = preSolution
		HideSolutionNode = FALSE
	EndGlobalSection
EndGlobal
